// !$*UTF8*$!
{
	archiveVersion = 1;
	classes = {
	};
	objectVersion = 46;
	objects = {

/* Begin PBXBuildFile section */
		A5768C461DC4597100702AF8 /* AppDelegate.swift in Sources */ = {isa = PBXBuildFile; fileRef = A5768C451DC4597100702AF8 /* AppDelegate.swift */; };
		A5768C481DC4597100702AF8 /* ViewController.swift in Sources */ = {isa = PBXBuildFile; fileRef = A5768C471DC4597100702AF8 /* ViewController.swift */; };
		A5768C4B1DC4597100702AF8 /* Main.storyboard in Resources */ = {isa = PBXBuildFile; fileRef = A5768C491DC4597100702AF8 /* Main.storyboard */; };
		A5768C4D1DC4597100702AF8 /* Assets.xcassets in Resources */ = {isa = PBXBuildFile; fileRef = A5768C4C1DC4597100702AF8 /* Assets.xcassets */; };
		A5768C501DC4597100702AF8 /* LaunchScreen.storyboard in Resources */ = {isa = PBXBuildFile; fileRef = A5768C4E1DC4597100702AF8 /* LaunchScreen.storyboard */; };
		A5F3B3841DC98B9F00029EBA /* CalculatorBrain.swift in Sources */ = {isa = PBXBuildFile; fileRef = A5F3B3831DC98B9F00029EBA /* CalculatorBrain.swift */; };
/* End PBXBuildFile section */

/* Begin PBXFileReference section */
		A5768C421DC4597100702AF8 /* Calculator.app */ = {isa = PBXFileReference; explicitFileType = wrapper.application; includeInIndex = 0; path = Calculator.app; sourceTree = BUILT_PRODUCTS_DIR; };
		A5768C451DC4597100702AF8 /* AppDelegate.swift */ = {isa = PBXFileReference; lastKnownFileType = sourcecode.swift; path = AppDelegate.swift; sourceTree = "<group>"; };
		A5768C471DC4597100702AF8 /* ViewController.swift */ = {isa = PBXFileReference; lastKnownFileType = sourcecode.swift; path = ViewController.swift; sourceTree = "<group>"; };
		A5768C4A1DC4597100702AF8 /* Base */ = {isa = PBXFileReference; lastKnownFileType = file.storyboard; name = Base; path = Base.lproj/Main.storyboard; sourceTree = "<group>"; };
		A5768C4C1DC4597100702AF8 /* Assets.xcassets */ = {isa = PBXFileReference; lastKnownFileType = folder.assetcatalog; path = Assets.xcassets; sourceTree = "<group>"; };
		A5768C4F1DC4597100702AF8 /* Base */ = {isa = PBXFileReference; lastKnownFileType = file.storyboard; name = Base; path = Base.lproj/LaunchScreen.storyboard; sourceTree = "<group>"; };
		A5768C511DC4597100702AF8 /* Info.plist */ = {isa = PBXFileReference; lastKnownFileType = text.plist.xml; path = Info.plist; sourceTree = "<group>"; };
		A5F3B3831DC98B9F00029EBA /* CalculatorBrain.swift */ = {isa = PBXFileReference; fileEncoding = 4; lastKnownFileType = sourcecode.swift; path = CalculatorBrain.swift; sourceTree = SOURCE_ROOT; };
/* End PBXFileReference section */

/* Begin PBXFrameworksBuildPhase section */
		A5768C3F1DC4597100702AF8 /* Frameworks */ = {
			isa = PBXFrameworksBuildPhase;
			buildActionMask = 2147483647;
			files = (
			);
			runOnlyForDeploymentPostprocessing = 0;
		};
/* End PBXFrameworksBuildPhase section */

/* Begin PBXGroup section */
		A5768C391DC4597100702AF8 = {
			isa = PBXGroup;
			children = (
				A5768C441DC4597100702AF8 /* Calculator */,
				A5768C431DC4597100702AF8 /* Products */,
			);
			sourceTree = "<group>";
		};
		A5768C431DC4597100702AF8 /* Products */ = {
			isa = PBXGroup;
			children = (
				A5768C421DC4597100702AF8 /* Calculator.app */,
			);
			name = Products;
			sourceTree = "<group>";
		};
		A5768C441DC4597100702AF8 /* Calculator */ = {
			isa = PBXGroup;
			children = (
				A5768C571DC4597F00702AF8 /* Surport Files */,
				A5768C471DC4597100702AF8 /* ViewController.swift */,
				A5F3B3831DC98B9F00029EBA /* CalculatorBrain.swift */,
				A5768C491DC4597100702AF8 /* Main.storyboard */,
			);
			path = Calculator;
			sourceTree = "<group>";
		};
		A5768C571DC4597F00702AF8 /* Surport Files */ = {
			isa = PBXGroup;
			children = (
				A5768C451DC4597100702AF8 /* AppDelegate.swift */,
				A5768C4C1DC4597100702AF8 /* Assets.xcassets */,
				A5768C4E1DC4597100702AF8 /* LaunchScreen.storyboard */,
				A5768C511DC4597100702AF8 /* Info.plist */,
			);
			name = "Surport Files";
			sourceTree = "<group>";
		};
/* End PBXGroup section */

/* Begin PBXNativeTarget section */
		A5768C411DC4597100702AF8 /* Calculator */ = {
			isa = PBXNativeTarget;
			buildConfigurationList = A5768C541DC4597100702AF8 /* Build configuration list for PBXNativeTarget "Calculator" */;
			buildPhases = (
				A5768C3E1DC4597100702AF8 /* Sources */,
				A5768C3F1DC4597100702AF8 /* Frameworks */,
				A5768C401DC4597100702AF8 /* Resources */,
			);
			buildRules = (
			);
			dependencies = (
			);
			name = Calculator;
			productName = Calculator;
			productReference = A5768C421DC4597100702AF8 /* Calculator.app */;
			productType = "com.apple.product-type.application";
		};
/* End PBXNativeTarget section */

/* Begin PBXProject section */
		A5768C3A1DC4597100702AF8 /* Project object */ = {
			isa = PBXProject;
			attributes = {
				LastSwiftUpdateCheck = 0810;
				LastUpgradeCheck = 0810;
				ORGANIZATIONNAME = "Masher Shin";
				TargetAttributes = {
					A5768C411DC4597100702AF8 = {
						CreatedOnToolsVersion = 8.1;
						DevelopmentTeam = H78MG48FYG;
						ProvisioningStyle = Automatic;
					};
				};
			};
			buildConfigurationList = A5768C3D1DC4597100702AF8 /* Build configuration list for PBXProject "Calculator" */;
			compatibilityVersion = "Xcode 3.2";
			developmentRegion = English;
			hasScannedForEncodings = 0;
			knownRegions = (
				en,
				Base,
			);
			mainGroup = A5768C391DC4597100702AF8;
			productRefGroup = A5768C431DC4597100702AF8 /* Products */;
			projectDirPath = "";
			projectRoot = "";
			targets = (
				A5768C411DC4597100702AF8 /* Calculator */,
			);
		};
/* End PBXProject section */

/* Begin PBXResourcesBuildPhase section */
		A5768C401DC4597100702AF8 /* Resources */ = {
			isa = PBXResourcesBuildPhase;
			buildActionMask = 2147483647;
			files = (
				A5768C501DC4597100702AF8 /* LaunchScreen.storyboard in Resources */,
				A5768C4D1DC4597100702AF8 /* Assets.xcassets in Resources */,
				A5768C4B1DC4597100702AF8 /* Main.storyboard in Resources */,
			);
			runOnlyForDeploymentPostprocessing = 0;
		};
/* End PBXResourcesBuildPhase section */

/* Begin PBXSourcesBuildPhase section */
		A5768C3E1DC4597100702AF8 /* Sources */ = {
			isa = PBXSourcesBuildPhase;
			buildActionMask = 2147483647;
			files = (
				A5F3B3841DC98B9F00029EBA /* CalculatorBrain.swift in Sources */,
				A5768C481DC4597100702AF8 /* ViewController.swift in Sources */,
				A5768C461DC4597100702AF8 /* AppDelegate.swift in Sources */,
			);
			runOnlyForDeploymentPostprocessing = 0;
		};
/* End PBXSourcesBuildPhase section */

/* Begin PBXVariantGroup section */
		A5768C491DC4597100702AF8 /* Main.storyboard */ = {
			isa = PBXVariantGroup;
			children = (
				A5768C4A1DC4597100702AF8 /* Base */,
			);
			name = Main.storyboard;
			sourceTree = "<group>";
		};
		A5768C4E1DC4597100702AF8 /* LaunchScreen.storyboard */ = {
			isa = PBXVariantGroup;
			children = (
				A5768C4F1DC4597100702AF8 /* Base */,
			);
			name = LaunchScreen.storyboard;
			sourceTree = "<group>";
		};
/* End PBXVariantGroup section */

/* Begin XCBuildConfiguration section */
		A5768C521DC4597100702AF8 /* Debug */ = {
			isa = XCBuildConfiguration;
			buildSettings = {
				ALWAYS_SEARCH_USER_PATHS = NO;
				CLANG_ANALYZER_NONNULL = YES;
				CLANG_CXX_LANGUAGE_STANDARD = "gnu++0x";
				CLANG_CXX_LIBRARY = "libc++";
				CLANG_ENABLE_MODULES = YES;
				CLANG_ENABLE_OBJC_ARC = YES;
				CLANG_WARN_BOOL_CONVERSION = YES;
				CLANG_WARN_CONSTANT_CONVERSION = YES;
				CLANG_WARN_DIRECT_OBJC_ISA_USAGE = YES_ERROR;
				CLANG_WARN_DOCUMENTATION_COMMENTS = YES;
				CLANG_WARN_EMPTY_BODY = YES;
				CLANG_WARN_ENUM_CONVERSION = YES;
				CLANG_WARN_INFINITE_RECURSION = YES;
				CLANG_WARN_INT_CONVERSION = YES;
				CLANG_WARN_OBJC_ROOT_CLASS = YES_ERROR;
				CLANG_WARN_SUSPICIOUS_MOVES = YES;
				CLANG_WARN_UNREACHABLE_CODE = YES;
				CLANG_WARN__DUPLICATE_METHOD_MATCH = YES;
				"CODE_SIGN_IDENTITY[sdk=iphoneos*]" = "iPhone Developer";
				COPY_PHASE_STRIP = NO;
				DEBUG_INFORMATION_FORMAT = dwarf;
				ENABLE_STRICT_OBJC_MSGSEND = YES;
				ENABLE_TESTABILITY = YES;
				GCC_C_LANGUAGE_STANDARD = gnu99;
				GCC_DYNAMIC_NO_PIC = NO;
				GCC_NO_COMMON_BLOCKS = YES;
				GCC_OPTIMIZATION_LEVEL = 0;
				GCC_PREPROCESSOR_DEFINITIONS = (
					"DEBUG=1",
					"$(inherited)",
				);
				GCC_WARN_64_TO_32_BIT_CONVERSION = YES;
				GCC_WARN_ABOUT_RETURN_TYPE = YES_ERROR;
				GCC_WARN_UNDECLARED_SELECTOR = YES;
				GCC_WARN_UNINITIALIZED_AUTOS = YES_AGGRESSIVE;
				GCC_WARN_UNUSED_FUNCTION = YES;
				GCC_WARN_UNUSED_VARIABLE = YES;
				IPHONEOS_DEPLOYMENT_TARGET = 10.1;
				MTL_ENABLE_DEBUG_INFO = YES;
				ONLY_ACTIVE_ARCH = YES;
				SDKROOT = iphoneos;
				SWIFT_ACTIVE_COMPILATION_CONDITIONS = DEBUG;
				SWIFT_OPTIMIZATION_LEVEL = "-Onone";
				TARGETED_DEVICE_FAMILY = "1,2";
			};
			name = Debug;
		};
		A5768C531DC4597100702AF8 /* Release */ = {
			isa = XCBuildConfiguration;
			buildSettings = {
				ALWAYS_SEARCH_USER_PATHS = NO;
				CLANG_ANALYZER_NONNULL = YES;
				CLANG_CXX_LANGUAGE_STANDARD = "gnu++0x";
				CLANG_CXX_LIBRARY = "libc++";
				CLANG_ENABLE_MODULES = YES;
				CLANG_ENABLE_OBJC_ARC = YES;
				CLANG_WARN_BOOL_CONVERSION = YES;
				CLANG_WARN_CONSTANT_CONVERSION = YES;
				CLANG_WARN_DIRECT_OBJC_ISA_USAGE = YES_ERROR;
				CLANG_WARN_DOCUMENTATION_COMMENTS = YES;
				CLANG_WARN_EMPTY_BODY = YES;
				CLANG_WARN_ENUM_CONVERSION = YES;
				CLANG_WARN_INFINITE_RECURSION = YES;
				CLANG_WARN_INT_CONVERSION = YES;
				CLANG_WARN_OBJC_ROOT_CLASS = YES_ERROR;
				CLANG_WARN_SUSPICIOUS_MOVES = YES;
				CLANG_WARN_UNREACHABLE_CODE = YES;
				CLANG_WARN__DUPLICATE_METHOD_MATCH = YES;
				"CODE_SIGN_IDENTITY[sdk=iphoneos*]" = "iPhone Developer";
				COPY_PHASE_STRIP = NO;
				DEBUG_INFORMATION_FORMAT = "dwarf-with-dsym";
				ENABLE_NS_ASSERTIONS = NO;
				ENABLE_STRICT_OBJC_MSGSEND = YES;
				GCC_C_LANGUAGE_STANDARD = gnu99;
				GCC_NO_COMMON_BLOCKS = YES;
				GCC_WARN_64_TO_32_BIT_CONVERSION = YES;
				GCC_WARN_ABOUT_RETURN_TYPE = YES_ERROR;
				GCC_WARN_UNDECLARED_SELECTOR = YES;
				GCC_WARN_UNINITIALIZED_AUTOS = YES_AGGRESSIVE;
				GCC_WARN_UNUSED_FUNCTION = YES;
				GCC_WARN_UNUSED_VARIABLE = YES;
				IPHONEOS_DEPLOYMENT_TARGET = 10.1;
				MTL_ENABLE_DEBUG_INFO = NO;
				SDKROOT = iphoneos;
				SWIFT_OPTIMIZATION_LEVEL = "-Owholemodule";
				TARGETED_DEVICE_FAMILY = "1,2";
				VALIDATE_PRODUCT = YES;
			};
			name = Release;
		};
		A5768C551DC4597100702AF8 /* Debug */ = {
			isa = XCBuildConfiguration;
			buildSettings = {
				ASSETCATALOG_COMPILER_APPICON_NAME = AppIcon;
				DEVELOPMENT_TEAM = H78MG48FYG;
				INFOPLIST_FILE = Calculator/Info.plist;
				LD_RUNPATH_SEARCH_PATHS = "$(inherited) @executable_path/Frameworks";
				PRODUCT_BUNDLE_IDENTIFIER = com.dev.masher.Calculator;
				PRODUCT_NAME = "$(TARGET_NAME)";
				SWIFT_VERSION = 3.0;
			};
			name = Debug;
		};
		A5768C561DC4597100702AF8 /* Release */ = {
			isa = XCBuildConfiguration;
			buildSettings = {
				ASSETCATALOG_COMPILER_APPICON_NAME = AppIcon;
				DEVELOPMENT_TEAM = H78MG48FYG;
				INFOPLIST_FILE = Calculator/Info.plist;
				LD_RUNPATH_SEARCH_PATHS = "$(inherited) @executable_path/Frameworks";
				PRODUCT_BUNDLE_IDENTIFIER = com.dev.masher.Calculator;
				PRODUCT_NAME = "$(TARGET_NAME)";
				SWIFT_VERSION = 3.0;
			};
			name = Release;
		};
/* End XCBuildConfiguration section */

/* Begin XCConfigurationList section */
		A5768C3D1DC4597100702AF8 /* Build configuration list for PBXProject "Calculator" */ = {
			isa = XCConfigurationList;
			buildConfigurations = (
				A5768C521DC4597100702AF8 /* Debug */,
				A5768C531DC4597100702AF8 /* Release */,
			);
			defaultConfigurationIsVisible = 0;
			defaultConfigurationName = Release;
		};
		A5768C541DC4597100702AF8 /* Build configuration list for PBXNativeTarget "Calculator" */ = {
			isa = XCConfigurationList;
			buildConfigurations = (
				A5768C551DC4597100702AF8 /* Debug */,
				A5768C561DC4597100702AF8 /* Release */,
			);
			defaultConfigurationIsVisible = 0;
			defaultConfigurationName = Release;
		};
/* End XCConfigurationList section */
	};
	rootObject = A5768C3A1DC4597100702AF8 /* Project object */;
}
